
Microsoft Visual Studio Solution File, Format Version 12.00
# Visual Studio 15
VisualStudioVersion = 15.0.28307.329
MinimumVisualStudioVersion = 10.0.40219.1
Project("{FAE04EC0-301F-11D3-BF4B-00C04F79EFBC}") = "OrnekE-Ticaret", "OrnekE-Ticaret\OrnekE-Ticaret.csproj", "{C176AF29-FCD8-4CB0-AAC1-88C934C0CC4D}"
EndProject
Global
	GlobalSection(SolutionConfigurationPlatforms) = preSolution
		Debug|Any CPU = Debug|Any CPU
		Release|Any CPU = Release|Any CPU
	EndGlobalSection
	GlobalSection(ProjectConfigurationPlatforms) = postSolution
		{C176AF29-FCD8-4CB0-AAC1-88C934C0CC4D}.Debug|Any CPU.ActiveCfg = Debug|Any CPU
		{C176AF29-FCD8-4CB0-AAC1-88C934C0CC4D}.Debug|Any CPU.Build.0 = Debug|Any CPU
		{C176AF29-FCD8-4CB0-AAC1-88C934C0CC4D}.Release|Any CPU.ActiveCfg = Release|Any CPU
		{C176AF29-FCD8-4CB0-AAC1-88C934C0CC4D}.Release|Any CPU.Build.0 = Release|Any CPU
	EndGlobalSection
	GlobalSection(SolutionProperties) = preSolution
		HideSolutionNode = FALSE
	EndGlobalSection
	GlobalSection(ExtensibilityGlobals) = postSolution
		SolutionGuid = {07A4C1AE-8678-4AB4-882A-8B9F791EE45F}
	EndGlobalSection
EndGlobal
